Microsoft Visual Studio Solution File, Format Version 12.00
# Visual Studio Version 17
VisualStudioVersion = 17.0.31903.59
MinimumVisualStudioVersion = 10.0.40219.1
Project("{3F14853F-8ECC-4ABE-8589-BB2CEA422A37}") = "Project_e362310819f6428fb74c001a459dec90_20250601200320372590", "Project_e362310819f6428fb74c001a459dec90_20250601200320372590.csproj", "{3F14853F-8ECC-4ABE-8589-BB2CEA422A37}"
EndProject
Global
    GlobalSection(SolutionConfigurationPlatforms) = preSolution
        Debug|Any CPU = Debug|Any CPU
        Release|Any CPU = Release|Any CPU
    EndGlobalSection
    GlobalSection(ProjectConfigurationPlatforms) = postSolution
        {3F14853F-8ECC-4ABE-8589-BB2CEA422A37}.Debug|Any CPU.ActiveCfg = Debug|Any CPU
        {3F14853F-8ECC-4ABE-8589-BB2CEA422A37}.Debug|Any CPU.Build.0 = Debug|Any CPU
        {3F14853F-8ECC-4ABE-8589-BB2CEA422A37}.Release|Any CPU.ActiveCfg = Release|Any CPU
        {3F14853F-8ECC-4ABE-8589-BB2CEA422A37}.Release|Any CPU.Build.0 = Release|Any CPU
    EndGlobalSection
EndGlobal